
Microsoft Visual Studio Solution File, Format Version 12.00
# Visual Studio Version 17
VisualStudioVersion = 17.2.32616.157
MinimumVisualStudioVersion = 10.0.40219.1
Project("{FAE04EC0-301F-11D3-BF4B-00C04F79EFBC}") = "BugBounty.DevelopersApp", "BugBounty.DevelopersApp\BugBounty.DevelopersApp.csproj", "{6058DBA7-6ED4-49DA-88C0-5350B2F6ACC5}"
EndProject
Global
	GlobalSection(SolutionConfigurationPlatforms) = preSolution
		Debug|Any CPU = Debug|Any CPU
		Release|Any CPU = Release|Any CPU
	EndGlobalSection
	GlobalSection(ProjectConfigurationPlatforms) = postSolution
		{6058DBA7-6ED4-49DA-88C0-5350B2F6ACC5}.Debug|Any CPU.ActiveCfg = Debug|Any CPU
		{6058DBA7-6ED4-49DA-88C0-5350B2F6ACC5}.Debug|Any CPU.Build.0 = Debug|Any CPU
		{6058DBA7-6ED4-49DA-88C0-5350B2F6ACC5}.Release|Any CPU.ActiveCfg = Release|Any CPU
		{6058DBA7-6ED4-49DA-88C0-5350B2F6ACC5}.Release|Any CPU.Build.0 = Release|Any CPU
	EndGlobalSection
	GlobalSection(SolutionProperties) = preSolution
		HideSolutionNode = FALSE
	EndGlobalSection
	GlobalSection(ExtensibilityGlobals) = postSolution
		SolutionGuid = {F1E2E87F-C1A0-4225-9DF7-CDEFBEDB2692}
	EndGlobalSection
EndGlobal
